
Microsoft Visual Studio Solution File, Format Version 12.00
# Visual Studio Version 17
VisualStudioVersion = 17.11.35312.102
MinimumVisualStudioVersion = 10.0.40219.1
Project("{FAE04EC0-301F-11D3-BF4B-00C04F79EFBC}") = "learning_project", "learning_project\learning_project.csproj", "{330045A4-6803-432A-93C6-8640642D81EE}"
EndProject
Global
	GlobalSection(SolutionConfigurationPlatforms) = preSolution
		Debug|Any CPU = Debug|Any CPU
		Release|Any CPU = Release|Any CPU
	EndGlobalSection
	GlobalSection(ProjectConfigurationPlatforms) = postSolution
		{330045A4-6803-432A-93C6-8640642D81EE}.Debug|Any CPU.ActiveCfg = Debug|Any CPU
		{330045A4-6803-432A-93C6-8640642D81EE}.Debug|Any CPU.Build.0 = Debug|Any CPU
		{330045A4-6803-432A-93C6-8640642D81EE}.Release|Any CPU.ActiveCfg = Release|Any CPU
		{330045A4-6803-432A-93C6-8640642D81EE}.Release|Any CPU.Build.0 = Release|Any CPU
	EndGlobalSection
	GlobalSection(SolutionProperties) = preSolution
		HideSolutionNode = FALSE
	EndGlobalSection
	GlobalSection(ExtensibilityGlobals) = postSolution
		SolutionGuid = {04787683-EEC7-4342-8169-8B3C2F6DFB83}
	EndGlobalSection
EndGlobal
